
Microsoft Visual Studio Solution File, Format Version 12.00
# Visual Studio Version 16
VisualStudioVersion = 16.0.30503.244
MinimumVisualStudioVersion = 10.0.40219.1
Project("{FAE04EC0-301F-11D3-BF4B-00C04F79EFBC}") = "ESLauncher", "ESLauncher.csproj", "{78AF7E8F-8EA8-4C04-BCA7-F79BE3447F52}"
EndProject
Global
	GlobalSection(SolutionConfigurationPlatforms) = preSolution
		Debug|Any CPU = Debug|Any CPU
		Release|Any CPU = Release|Any CPU
	EndGlobalSection
	GlobalSection(ProjectConfigurationPlatforms) = postSolution
		{78AF7E8F-8EA8-4C04-BCA7-F79BE3447F52}.Debug|Any CPU.ActiveCfg = Debug|Any CPU
		{78AF7E8F-8EA8-4C04-BCA7-F79BE3447F52}.Debug|Any CPU.Build.0 = Debug|Any CPU
		{78AF7E8F-8EA8-4C04-BCA7-F79BE3447F52}.Release|Any CPU.ActiveCfg = Release|Any CPU
		{78AF7E8F-8EA8-4C04-BCA7-F79BE3447F52}.Release|Any CPU.Build.0 = Release|Any CPU
	EndGlobalSection
	GlobalSection(SolutionProperties) = preSolution
		HideSolutionNode = FALSE
	EndGlobalSection
	GlobalSection(ExtensibilityGlobals) = postSolution
		SolutionGuid = {DCA2021A-1899-4D93-BB4F-A38FFA848F06}
	EndGlobalSection
EndGlobal
